
Microsoft Visual Studio Solution File, Format Version 12.00
# Visual Studio 14
VisualStudioVersion = 14.0.25420.1
MinimumVisualStudioVersion = 10.0.40219.1
Project("{FAE04EC0-301F-11D3-BF4B-00C04F79EFBC}") = "seo-1-分词", "seo-1-分词\seo-1-分词.csproj", "{290D4929-61CB-46D9-A7C4-4C7E630EC052}"
EndProject
Project("{FAE04EC0-301F-11D3-BF4B-00C04F79EFBC}") = "seo_lucene.net_demo", "seo_lucene.net_demo\seo_lucene.net_demo.csproj", "{9E6166F0-BFE8-45C7-94B5-2BD768176816}"
EndProject
Global
	GlobalSection(SolutionConfigurationPlatforms) = preSolution
		Debug|Any CPU = Debug|Any CPU
		Release|Any CPU = Release|Any CPU
	EndGlobalSection
	GlobalSection(ProjectConfigurationPlatforms) = postSolution
		{290D4929-61CB-46D9-A7C4-4C7E630EC052}.Debug|Any CPU.ActiveCfg = Debug|Any CPU
		{290D4929-61CB-46D9-A7C4-4C7E630EC052}.Debug|Any CPU.Build.0 = Debug|Any CPU
		{290D4929-61CB-46D9-A7C4-4C7E630EC052}.Release|Any CPU.ActiveCfg = Release|Any CPU
		{290D4929-61CB-46D9-A7C4-4C7E630EC052}.Release|Any CPU.Build.0 = Release|Any CPU
		{9E6166F0-BFE8-45C7-94B5-2BD768176816}.Debug|Any CPU.ActiveCfg = Debug|Any CPU
		{9E6166F0-BFE8-45C7-94B5-2BD768176816}.Debug|Any CPU.Build.0 = Debug|Any CPU
		{9E6166F0-BFE8-45C7-94B5-2BD768176816}.Release|Any CPU.ActiveCfg = Release|Any CPU
		{9E6166F0-BFE8-45C7-94B5-2BD768176816}.Release|Any CPU.Build.0 = Release|Any CPU
	EndGlobalSection
	GlobalSection(SolutionProperties) = preSolution
		HideSolutionNode = FALSE
	EndGlobalSection
EndGlobal
